
Microsoft Visual Studio Solution File, Format Version 12.00
# Visual Studio Version 16
VisualStudioVersion = 16.0.30204.135
MinimumVisualStudioVersion = 10.0.40219.1
Project("{9A19103F-16F7-4668-BE54-9A1E7A4F7556}") = "Main", "Main\Main.csproj", "{D7D375EC-D162-4D9E-A502-BEAA550C7D7D}"
EndProject
Project("{9A19103F-16F7-4668-BE54-9A1E7A4F7556}") = "AnotherProjectWichNeedExtensionMethod", "AnotherProjectWichNeedExtensionMethod\AnotherProjectWichNeedExtensionMethod.csproj", "{F4E9B7BD-631E-46C8-9BC8-03E4E926C1F2}"
EndProject
Project("{9A19103F-16F7-4668-BE54-9A1E7A4F7556}") = "EnumExample", "EnumExample\EnumExample.csproj", "{AF0919F4-D05A-459A-9435-CAC049BA8907}"
EndProject
Project("{9A19103F-16F7-4668-BE54-9A1E7A4F7556}") = "ExtensionMethods", "ExtensionMethods\ExtensionMethods.csproj", "{F3142A48-57AE-4A4A-B3D0-D2AC1CA7C50B}"
EndProject
Project("{9A19103F-16F7-4668-BE54-9A1E7A4F7556}") = "ReferenceAndValueTypes", "ReferenceAndValueTypes\ReferenceAndValueTypes.csproj", "{27128911-3CE3-466B-BF8C-BEF2741B4660}"
EndProject
Project("{9A19103F-16F7-4668-BE54-9A1E7A4F7556}") = "Polymorphism", "Polymorphism\Polymorphism.csproj", "{EEF77A61-D180-4152-806F-4A7E9E02B9F3}"
EndProject
Project("{FAE04EC0-301F-11D3-BF4B-00C04F79EFBC}") = "Interfaces", "Interfaces\Interfaces.csproj", "{53568E99-BDAA-423B-9BCC-54AD85A4A86A}"
EndProject
Global
	GlobalSection(SolutionConfigurationPlatforms) = preSolution
		Debug|Any CPU = Debug|Any CPU
		Release|Any CPU = Release|Any CPU
	EndGlobalSection
	GlobalSection(ProjectConfigurationPlatforms) = postSolution
		{D7D375EC-D162-4D9E-A502-BEAA550C7D7D}.Debug|Any CPU.ActiveCfg = Debug|Any CPU
		{D7D375EC-D162-4D9E-A502-BEAA550C7D7D}.Debug|Any CPU.Build.0 = Debug|Any CPU
		{D7D375EC-D162-4D9E-A502-BEAA550C7D7D}.Release|Any CPU.ActiveCfg = Release|Any CPU
		{D7D375EC-D162-4D9E-A502-BEAA550C7D7D}.Release|Any CPU.Build.0 = Release|Any CPU
		{F4E9B7BD-631E-46C8-9BC8-03E4E926C1F2}.Debug|Any CPU.ActiveCfg = Debug|Any CPU
		{F4E9B7BD-631E-46C8-9BC8-03E4E926C1F2}.Debug|Any CPU.Build.0 = Debug|Any CPU
		{F4E9B7BD-631E-46C8-9BC8-03E4E926C1F2}.Release|Any CPU.ActiveCfg = Release|Any CPU
		{F4E9B7BD-631E-46C8-9BC8-03E4E926C1F2}.Release|Any CPU.Build.0 = Release|Any CPU
		{AF0919F4-D05A-459A-9435-CAC049BA8907}.Debug|Any CPU.ActiveCfg = Debug|Any CPU
		{AF0919F4-D05A-459A-9435-CAC049BA8907}.Debug|Any CPU.Build.0 = Debug|Any CPU
		{AF0919F4-D05A-459A-9435-CAC049BA8907}.Release|Any CPU.ActiveCfg = Release|Any CPU
		{AF0919F4-D05A-459A-9435-CAC049BA8907}.Release|Any CPU.Build.0 = Release|Any CPU
		{F3142A48-57AE-4A4A-B3D0-D2AC1CA7C50B}.Debug|Any CPU.ActiveCfg = Debug|Any CPU
		{F3142A48-57AE-4A4A-B3D0-D2AC1CA7C50B}.Debug|Any CPU.Build.0 = Debug|Any CPU
		{F3142A48-57AE-4A4A-B3D0-D2AC1CA7C50B}.Release|Any CPU.ActiveCfg = Release|Any CPU
		{F3142A48-57AE-4A4A-B3D0-D2AC1CA7C50B}.Release|Any CPU.Build.0 = Release|Any CPU
		{27128911-3CE3-466B-BF8C-BEF2741B4660}.Debug|Any CPU.ActiveCfg = Debug|Any CPU
		{27128911-3CE3-466B-BF8C-BEF2741B4660}.Debug|Any CPU.Build.0 = Debug|Any CPU
		{27128911-3CE3-466B-BF8C-BEF2741B4660}.Release|Any CPU.ActiveCfg = Release|Any CPU
		{27128911-3CE3-466B-BF8C-BEF2741B4660}.Release|Any CPU.Build.0 = Release|Any CPU
		{EEF77A61-D180-4152-806F-4A7E9E02B9F3}.Debug|Any CPU.ActiveCfg = Debug|Any CPU
		{EEF77A61-D180-4152-806F-4A7E9E02B9F3}.Debug|Any CPU.Build.0 = Debug|Any CPU
		{EEF77A61-D180-4152-806F-4A7E9E02B9F3}.Release|Any CPU.ActiveCfg = Release|Any CPU
		{EEF77A61-D180-4152-806F-4A7E9E02B9F3}.Release|Any CPU.Build.0 = Release|Any CPU
		{53568E99-BDAA-423B-9BCC-54AD85A4A86A}.Debug|Any CPU.ActiveCfg = Debug|Any CPU
		{53568E99-BDAA-423B-9BCC-54AD85A4A86A}.Debug|Any CPU.Build.0 = Debug|Any CPU
		{53568E99-BDAA-423B-9BCC-54AD85A4A86A}.Release|Any CPU.ActiveCfg = Release|Any CPU
		{53568E99-BDAA-423B-9BCC-54AD85A4A86A}.Release|Any CPU.Build.0 = Release|Any CPU
	EndGlobalSection
	GlobalSection(SolutionProperties) = preSolution
		HideSolutionNode = FALSE
	EndGlobalSection
	GlobalSection(ExtensibilityGlobals) = postSolution
		SolutionGuid = {F7F70391-5FA1-4934-908E-65218A7A333C}
	EndGlobalSection
EndGlobal
